
Microsoft Visual Studio Solution File, Format Version 11.00
# Visual Studio 2010
Project("{FAE04EC0-301F-11D3-BF4B-00C04F79EFBC}") = "Assembly-CSharp", "Assembly-CSharp.csproj", "{EC9827FF-282F-E3D1-1A8C-088F17AA2F9A}"
EndProject
Project("{FAE04EC0-301F-11D3-BF4B-00C04F79EFBC}") = "Assembly-CSharp-Editor", "Assembly-CSharp-Editor.csproj", "{76F6E18B-EA63-68C5-4B67-26DB2A581B3B}"
EndProject
Global
	GlobalSection(SolutionConfigurationPlatforms) = preSolution
		Debug|Any CPU = Debug|Any CPU
		Release|Any CPU = Release|Any CPU
	EndGlobalSection
	GlobalSection(ProjectConfigurationPlatforms) = postSolution
		{EC9827FF-282F-E3D1-1A8C-088F17AA2F9A}.Debug|Any CPU.ActiveCfg = Debug|Any CPU
		{EC9827FF-282F-E3D1-1A8C-088F17AA2F9A}.Debug|Any CPU.Build.0 = Debug|Any CPU
		{EC9827FF-282F-E3D1-1A8C-088F17AA2F9A}.Release|Any CPU.ActiveCfg = Release|Any CPU
		{EC9827FF-282F-E3D1-1A8C-088F17AA2F9A}.Release|Any CPU.Build.0 = Release|Any CPU
		{76F6E18B-EA63-68C5-4B67-26DB2A581B3B}.Debug|Any CPU.ActiveCfg = Debug|Any CPU
		{76F6E18B-EA63-68C5-4B67-26DB2A581B3B}.Debug|Any CPU.Build.0 = Debug|Any CPU
		{76F6E18B-EA63-68C5-4B67-26DB2A581B3B}.Release|Any CPU.ActiveCfg = Release|Any CPU
		{76F6E18B-EA63-68C5-4B67-26DB2A581B3B}.Release|Any CPU.Build.0 = Release|Any CPU
	EndGlobalSection
	GlobalSection(SolutionProperties) = preSolution
		HideSolutionNode = FALSE
	EndGlobalSection
	GlobalSection(MonoDevelopProperties) = preSolution
		StartupItem = Assembly-CSharp.csproj
	EndGlobalSection
EndGlobal
